{
  "name": "grain-date-input",
  "version": "0.0.1",
  "lockfileVersion": 1,
  "requires": true,
  "dependencies": {
    "grain-element": {
      "version": "git+https://github.com/daKmoR/grain-element.git#0b8e23da0a6b66ea8936386f8b25a798915620fc"
    },
    "grain-input": {
      "version": "github:daKmoR/grain-input#804d772a12e9b39dfdd6a3696eb5895243d92507",
      "requires": {
        "grain-lit-element": "github:daKmoR/grain-lit-element#6b794adf6b064f23498f209215ccc01084468412",
        "grain-validate": "github:daKmoR/grain-validate#4b810b23faa7d1150c39e497ccf47f99a0d904ec"
      }
    },
    "grain-lit-element": {
      "version": "github:daKmoR/grain-lit-element#6b794adf6b064f23498f209215ccc01084468412",
      "requires": {
        "grain-element": "git+https://github.com/daKmoR/grain-element.git#0b8e23da0a6b66ea8936386f8b25a798915620fc",
        "lit-html": "0.7.1"
      }
    },
    "grain-translate": {
      "version": "github:daKmoR/grain-translate#6755ac93936634dd787163a22f3b58cd3474d554",
      "requires": {
        "i18next": "10.2.1",
        "i18next-browser-languagedetector": "2.1.0",
        "i18next-xhr-backend": "1.5.0"
      }
    },
    "grain-validate": {
      "version": "github:daKmoR/grain-validate#4b810b23faa7d1150c39e497ccf47f99a0d904ec",
      "requires": {
        "grain-translate": "github:daKmoR/grain-translate#6755ac93936634dd787163a22f3b58cd3474d554"
      }
    },
    "i18next": {
      "version": "10.2.1",
      "resolved": "https://registry.npmjs.org/i18next/-/i18next-10.2.1.tgz",
      "integrity": "sha512-7h/ILxepsAjQCMabPvevDZcn+Nxc4/5v52NkMtrzgVOe14BGlGQDs2ygRPki+45VFmRsz2e/In6veRIKQEBGkQ=="
    },
    "i18next-browser-languagedetector": {
      "version": "2.1.0",
      "resolved": "https://registry.npmjs.org/i18next-browser-languagedetector/-/i18next-browser-languagedetector-2.1.0.tgz",
      "integrity": "sha1-Gw4XsJUH+E56H6dhU5oHVE+SoN8="
    },
    "i18next-xhr-backend": {
      "version": "1.5.0",
      "resolved": "https://registry.npmjs.org/i18next-xhr-backend/-/i18next-xhr-backend-1.5.0.tgz",
      "integrity": "sha1-/uSugDh5uCS++GWnfW62FkqNYfE="
    },
    "lit-html": {
      "version": "0.7.1",
      "resolved": "https://registry.npmjs.org/lit-html/-/lit-html-0.7.1.tgz",
      "integrity": "sha512-8L4kJaaE2sMUtaAOPr75tsgAakNIGUtroHsW4KpMO0LtLpjJXPt0WkS7guY3PB0MhM9mvIOCY/D9KamPB7GnDw=="
    },
    "validator": {
      "version": "9.1.2",
      "resolved": "https://registry.npmjs.org/validator/-/validator-9.1.2.tgz",
      "integrity": "sha512-1Tml6crNdsSC61jHssWksQxq6C7MmSFCCmf99Eb+l/V/cwVlw4/Pg3YXBP1WKcHLsyqe3E+iJXUZgoTTQFcqQg=="
    }
  }
}
